// !$*UTF8*$!
{
	archiveVersion = 1;
	classes = {
	};
	objectVersion = 77;
	objects = {

/* Begin PBXBuildFile section */
		285B5C752ECFD88A003FD863 /* Application_iosApp.swift in Sources */ = {isa = PBXBuildFile; fileRef = 285B5C702ECFD88A003FD863 /* Application_iosApp.swift */; };
		285B5C762ECFD88A003FD863 /* ContentView.swift in Sources */ = {isa = PBXBuildFile; fileRef = 285B5C722ECFD88A003FD863 /* ContentView.swift */; };
		285B5C772ECFD88A003FD863 /* Assets.xcassets in Resources */ = {isa = PBXBuildFile; fileRef = 285B5C712ECFD88A003FD863 /* Assets.xcassets */; };
		285B5C7E2ECFD9BF003FD863 /* SplashView.swift in Sources */ = {isa = PBXBuildFile; fileRef = 285B5C7D2ECFD9BF003FD863 /* SplashView.swift */; };
		285B5C812ECFDA03003FD863 /* SplashScene.swift in Sources */ = {isa = PBXBuildFile; fileRef = 285B5C802ECFDA03003FD863 /* SplashScene.swift */; };
		285B5C832ECFDA20003FD863 /* SplashSceneModifier.swift in Sources */ = {isa = PBXBuildFile; fileRef = 285B5C822ECFDA20003FD863 /* SplashSceneModifier.swift */; };
		285B5C862ECFDA5B003FD863 /* SplashConfiguration.swift in Sources */ = {isa = PBXBuildFile; fileRef = 285B5C852ECFDA5B003FD863 /* SplashConfiguration.swift */; };
/* End PBXBuildFile section */

/* Begin PBXFileReference section */
		285B5C602ECFA3D2003FD863 /* Application-ios.app */ = {isa = PBXFileReference; explicitFileType = wrapper.application; includeInIndex = 0; path = "Application-ios.app"; sourceTree = BUILT_PRODUCTS_DIR; };
		285B5C702ECFD88A003FD863 /* Application_iosApp.swift */ = {isa = PBXFileReference; lastKnownFileType = sourcecode.swift; path = Application_iosApp.swift; sourceTree = "<group>"; };
		285B5C712ECFD88A003FD863 /* Assets.xcassets */ = {isa = PBXFileReference; lastKnownFileType = folder.assetcatalog; path = Assets.xcassets; sourceTree = "<group>"; };
		285B5C722ECFD88A003FD863 /* ContentView.swift */ = {isa = PBXFileReference; lastKnownFileType = sourcecode.swift; path = ContentView.swift; sourceTree = "<group>"; };
		285B5C732ECFD88A003FD863 /* Info.plist */ = {isa = PBXFileReference; lastKnownFileType = text.plist.xml; path = Info.plist; sourceTree = "<group>"; };
		285B5C7D2ECFD9BF003FD863 /* SplashView.swift */ = {isa = PBXFileReference; lastKnownFileType = sourcecode.swift; path = SplashView.swift; sourceTree = "<group>"; };
		285B5C802ECFDA03003FD863 /* SplashScene.swift */ = {isa = PBXFileReference; lastKnownFileType = sourcecode.swift; path = SplashScene.swift; sourceTree = "<group>"; };
		285B5C822ECFDA20003FD863 /* SplashSceneModifier.swift */ = {isa = PBXFileReference; lastKnownFileType = sourcecode.swift; path = SplashSceneModifier.swift; sourceTree = "<group>"; };
		285B5C852ECFDA5B003FD863 /* SplashConfiguration.swift */ = {isa = PBXFileReference; lastKnownFileType = sourcecode.swift; path = SplashConfiguration.swift; sourceTree = "<group>"; };
/* End PBXFileReference section */

/* Begin PBXFrameworksBuildPhase section */
		285B5C5D2ECFA3D2003FD863 /* Frameworks */ = {
			isa = PBXFrameworksBuildPhase;
			buildActionMask = 2147483647;
			files = (
			);
			runOnlyForDeploymentPostprocessing = 0;
		};
/* End PBXFrameworksBuildPhase section */

/* Begin PBXGroup section */
		285B5C572ECFA3D2003FD863 = {
			isa = PBXGroup;
			children = (
				285B5C742ECFD88A003FD863 /* Application-ios */,
				285B5C612ECFA3D2003FD863 /* Products */,
			);
			sourceTree = "<group>";
		};
		285B5C612ECFA3D2003FD863 /* Products */ = {
			isa = PBXGroup;
			children = (
				285B5C602ECFA3D2003FD863 /* Application-ios.app */,
			);
			name = Products;
			sourceTree = "<group>";
		};
		285B5C742ECFD88A003FD863 /* Application-ios */ = {
			isa = PBXGroup;
			children = (
				285B5C792ECFD894003FD863 /* App */,
				285B5C7A2ECFD995003FD863 /* Features */,
				285B5C872ECFDA91003FD863 /* Resources */,
			);
			path = "Application-ios";
			sourceTree = "<group>";
		};
		285B5C792ECFD894003FD863 /* App */ = {
			isa = PBXGroup;
			children = (
				285B5C702ECFD88A003FD863 /* Application_iosApp.swift */,
				285B5C7F2ECFD9F0003FD863 /* Scenes */,
			);
			path = App;
			sourceTree = "<group>";
		};
		285B5C7A2ECFD995003FD863 /* Features */ = {
			isa = PBXGroup;
			children = (
				285B5C7B2ECFD99E003FD863 /* Splash */,
				285B5C7C2ECFD9A4003FD863 /* Content */,
			);
			path = Features;
			sourceTree = "<group>";
		};
		285B5C7B2ECFD99E003FD863 /* Splash */ = {
			isa = PBXGroup;
			children = (
				285B5C7D2ECFD9BF003FD863 /* SplashView.swift */,
			);
			path = Splash;
			sourceTree = "<group>";
		};
		285B5C7C2ECFD9A4003FD863 /* Content */ = {
			isa = PBXGroup;
			children = (
				285B5C722ECFD88A003FD863 /* ContentView.swift */,
			);
			path = Content;
			sourceTree = "<group>";
		};
		285B5C7F2ECFD9F0003FD863 /* Scenes */ = {
			isa = PBXGroup;
			children = (
				285B5C802ECFDA03003FD863 /* SplashScene.swift */,
				285B5C822ECFDA20003FD863 /* SplashSceneModifier.swift */,
				285B5C852ECFDA5B003FD863 /* SplashConfiguration.swift */,
			);
			path = Scenes;
			sourceTree = "<group>";
		};
		285B5C872ECFDA91003FD863 /* Resources */ = {
			isa = PBXGroup;
			children = (
				285B5C712ECFD88A003FD863 /* Assets.xcassets */,
				285B5C732ECFD88A003FD863 /* Info.plist */,
			);
			path = Resources;
			sourceTree = "<group>";
		};
/* End PBXGroup section */

/* Begin PBXNativeTarget section */
		285B5C5F2ECFA3D2003FD863 /* Application-ios */ = {
			isa = PBXNativeTarget;
			buildConfigurationList = 285B5C6B2ECFA3D4003FD863 /* Build configuration list for PBXNativeTarget "Application-ios" */;
			buildPhases = (
				285B5C5C2ECFA3D2003FD863 /* Sources */,
				285B5C5D2ECFA3D2003FD863 /* Frameworks */,
				285B5C5E2ECFA3D2003FD863 /* Resources */,
			);
			buildRules = (
			);
			dependencies = (
			);
			name = "Application-ios";
			packageProductDependencies = (
			);
			productName = "Application-ios";
			productReference = 285B5C602ECFA3D2003FD863 /* Application-ios.app */;
			productType = "com.apple.product-type.application";
		};
/* End PBXNativeTarget section */

/* Begin PBXProject section */
		285B5C582ECFA3D2003FD863 /* Project object */ = {
			isa = PBXProject;
			attributes = {
				BuildIndependentTargetsInParallel = 1;
				LastSwiftUpdateCheck = 2610;
				LastUpgradeCheck = 2610;
				TargetAttributes = {
					285B5C5F2ECFA3D2003FD863 = {
						CreatedOnToolsVersion = 26.1;
					};
				};
			};
			buildConfigurationList = 285B5C5B2ECFA3D2003FD863 /* Build configuration list for PBXProject "Application-ios" */;
			developmentRegion = en;
			hasScannedForEncodings = 0;
			knownRegions = (
				en,
				Base,
			);
			mainGroup = 285B5C572ECFA3D2003FD863;
			minimizedProjectReferenceProxies = 1;
			preferredProjectObjectVersion = 77;
			productRefGroup = 285B5C612ECFA3D2003FD863 /* Products */;
			projectDirPath = "";
			projectRoot = "";
			targets = (
				285B5C5F2ECFA3D2003FD863 /* Application-ios */,
			);
		};
/* End PBXProject section */

/* Begin PBXResourcesBuildPhase section */
		285B5C5E2ECFA3D2003FD863 /* Resources */ = {
			isa = PBXResourcesBuildPhase;
			buildActionMask = 2147483647;
			files = (
				285B5C772ECFD88A003FD863 /* Assets.xcassets in Resources */,
			);
			runOnlyForDeploymentPostprocessing = 0;
		};
/* End PBXResourcesBuildPhase section */

/* Begin PBXSourcesBuildPhase section */
		285B5C5C2ECFA3D2003FD863 /* Sources */ = {
			isa = PBXSourcesBuildPhase;
			buildActionMask = 2147483647;
			files = (
				285B5C752ECFD88A003FD863 /* Application_iosApp.swift in Sources */,
				285B5C812ECFDA03003FD863 /* SplashScene.swift in Sources */,
				285B5C762ECFD88A003FD863 /* ContentView.swift in Sources */,
				285B5C862ECFDA5B003FD863 /* SplashConfiguration.swift in Sources */,
				285B5C7E2ECFD9BF003FD863 /* SplashView.swift in Sources */,
				285B5C832ECFDA20003FD863 /* SplashSceneModifier.swift in Sources */,
			);
			runOnlyForDeploymentPostprocessing = 0;
		};
/* End PBXSourcesBuildPhase section */

/* Begin XCBuildConfiguration section */
		285B5C692ECFA3D4003FD863 /* Debug */ = {
			isa = XCBuildConfiguration;
			buildSettings = {
				ALWAYS_SEARCH_USER_PATHS = NO;
				ASSETCATALOG_COMPILER_GENERATE_SWIFT_ASSET_SYMBOL_EXTENSIONS = YES;
				CLANG_ANALYZER_NONNULL = YES;
				CLANG_ANALYZER_NUMBER_OBJECT_CONVERSION = YES_AGGRESSIVE;
				CLANG_CXX_LANGUAGE_STANDARD = "gnu++20";
				CLANG_ENABLE_MODULES = YES;
				CLANG_ENABLE_OBJC_ARC = YES;
				CLANG_ENABLE_OBJC_WEAK = YES;
				CLANG_WARN_BLOCK_CAPTURE_AUTORELEASING = YES;
				CLANG_WARN_BOOL_CONVERSION = YES;
				CLANG_WARN_COMMA = YES;
				CLANG_WARN_CONSTANT_CONVERSION = YES;
				CLANG_WARN_DEPRECATED_OBJC_IMPLEMENTATIONS = YES;
				CLANG_WARN_DIRECT_OBJC_ISA_USAGE = YES_ERROR;
				CLANG_WARN_DOCUMENTATION_COMMENTS = YES;
				CLANG_WARN_EMPTY_BODY = YES;
				CLANG_WARN_ENUM_CONVERSION = YES;
				CLANG_WARN_INFINITE_RECURSION = YES;
				CLANG_WARN_INT_CONVERSION = YES;
				CLANG_WARN_NON_LITERAL_NULL_CONVERSION = YES;
				CLANG_WARN_OBJC_IMPLICIT_RETAIN_SELF = YES;
				CLANG_WARN_OBJC_LITERAL_CONVERSION = YES;
				CLANG_WARN_OBJC_ROOT_CLASS = YES_ERROR;
				CLANG_WARN_QUOTED_INCLUDE_IN_FRAMEWORK_HEADER = YES;
				CLANG_WARN_RANGE_LOOP_ANALYSIS = YES;
				CLANG_WARN_STRICT_PROTOTYPES = YES;
				CLANG_WARN_SUSPICIOUS_MOVE = YES;
				CLANG_WARN_UNGUARDED_AVAILABILITY = YES_AGGRESSIVE;
				CLANG_WARN_UNREACHABLE_CODE = YES;
				CLANG_WARN__DUPLICATE_METHOD_MATCH = YES;
				COPY_PHASE_STRIP = NO;
				DEBUG_INFORMATION_FORMAT = dwarf;
				DEVELOPMENT_TEAM = XPBFBX9K2Q;
				ENABLE_STRICT_OBJC_MSGSEND = YES;
				ENABLE_TESTABILITY = YES;
				ENABLE_USER_SCRIPT_SANDBOXING = YES;
				GCC_C_LANGUAGE_STANDARD = gnu17;
				GCC_DYNAMIC_NO_PIC = NO;
				GCC_NO_COMMON_BLOCKS = YES;
				GCC_OPTIMIZATION_LEVEL = 0;
				GCC_PREPROCESSOR_DEFINITIONS = (
					"DEBUG=1",
					"$(inherited)",
				);
				GCC_WARN_64_TO_32_BIT_CONVERSION = YES;
				GCC_WARN_ABOUT_RETURN_TYPE = YES_ERROR;
				GCC_WARN_UNDECLARED_SELECTOR = YES;
				GCC_WARN_UNINITIALIZED_AUTOS = YES_AGGRESSIVE;
				GCC_WARN_UNUSED_FUNCTION = YES;
				GCC_WARN_UNUSED_VARIABLE = YES;
				IPHONEOS_DEPLOYMENT_TARGET = 26.1;
				LOCALIZATION_PREFERS_STRING_CATALOGS = YES;
				MTL_ENABLE_DEBUG_INFO = INCLUDE_SOURCE;
				MTL_FAST_MATH = YES;
				ONLY_ACTIVE_ARCH = YES;
				SDKROOT = iphoneos;
				SWIFT_ACTIVE_COMPILATION_CONDITIONS = "DEBUG $(inherited)";
				SWIFT_OPTIMIZATION_LEVEL = "-Onone";
			};
			name = Debug;
		};
		285B5C6A2ECFA3D4003FD863 /* Release */ = {
			isa = XCBuildConfiguration;
			buildSettings = {
				ALWAYS_SEARCH_USER_PATHS = NO;
				ASSETCATALOG_COMPILER_GENERATE_SWIFT_ASSET_SYMBOL_EXTENSIONS = YES;
				CLANG_ANALYZER_NONNULL = YES;
				CLANG_ANALYZER_NUMBER_OBJECT_CONVERSION = YES_AGGRESSIVE;
				CLANG_CXX_LANGUAGE_STANDARD = "gnu++20";
				CLANG_ENABLE_MODULES = YES;
				CLANG_ENABLE_OBJC_ARC = YES;
				CLANG_ENABLE_OBJC_WEAK = YES;
				CLANG_WARN_BLOCK_CAPTURE_AUTORELEASING = YES;
				CLANG_WARN_BOOL_CONVERSION = YES;
				CLANG_WARN_COMMA = YES;
				CLANG_WARN_CONSTANT_CONVERSION = YES;
				CLANG_WARN_DEPRECATED_OBJC_IMPLEMENTATIONS = YES;
				CLANG_WARN_DIRECT_OBJC_ISA_USAGE = YES_ERROR;
				CLANG_WARN_DOCUMENTATION_COMMENTS = YES;
				CLANG_WARN_EMPTY_BODY = YES;
				CLANG_WARN_ENUM_CONVERSION = YES;
				CLANG_WARN_INFINITE_RECURSION = YES;
				CLANG_WARN_INT_CONVERSION = YES;
				CLANG_WARN_NON_LITERAL_NULL_CONVERSION = YES;
				CLANG_WARN_OBJC_IMPLICIT_RETAIN_SELF = YES;
				CLANG_WARN_OBJC_LITERAL_CONVERSION = YES;
				CLANG_WARN_OBJC_ROOT_CLASS = YES_ERROR;
				CLANG_WARN_QUOTED_INCLUDE_IN_FRAMEWORK_HEADER = YES;
				CLANG_WARN_RANGE_LOOP_ANALYSIS = YES;
				CLANG_WARN_STRICT_PROTOTYPES = YES;
				CLANG_WARN_SUSPICIOUS_MOVE = YES;
				CLANG_WARN_UNGUARDED_AVAILABILITY = YES_AGGRESSIVE;
				CLANG_WARN_UNREACHABLE_CODE = YES;
				CLANG_WARN__DUPLICATE_METHOD_MATCH = YES;
				COPY_PHASE_STRIP = NO;
				DEBUG_INFORMATION_FORMAT = "dwarf-with-dsym";
				DEVELOPMENT_TEAM = XPBFBX9K2Q;
				ENABLE_NS_ASSERTIONS = NO;
				ENABLE_STRICT_OBJC_MSGSEND = YES;
				ENABLE_USER_SCRIPT_SANDBOXING = YES;
				GCC_C_LANGUAGE_STANDARD = gnu17;
				GCC_NO_COMMON_BLOCKS = YES;
				GCC_WARN_64_TO_32_BIT_CONVERSION = YES;
				GCC_WARN_ABOUT_RETURN_TYPE = YES_ERROR;
				GCC_WARN_UNDECLARED_SELECTOR = YES;
				GCC_WARN_UNINITIALIZED_AUTOS = YES_AGGRESSIVE;
				GCC_WARN_UNUSED_FUNCTION = YES;
				GCC_WARN_UNUSED_VARIABLE = YES;
				IPHONEOS_DEPLOYMENT_TARGET = 26.1;
				LOCALIZATION_PREFERS_STRING_CATALOGS = YES;
				MTL_ENABLE_DEBUG_INFO = NO;
				MTL_FAST_MATH = YES;
				SDKROOT = iphoneos;
				SWIFT_COMPILATION_MODE = wholemodule;
				VALIDATE_PRODUCT = YES;
			};
			name = Release;
		};
		285B5C6C2ECFA3D4003FD863 /* Debug */ = {
			isa = XCBuildConfiguration;
			buildSettings = {
				ASSETCATALOG_COMPILER_APPICON_NAME = AppIcon;
				ASSETCATALOG_COMPILER_GLOBAL_ACCENT_COLOR_NAME = AccentColor;
				CODE_SIGN_STYLE = Automatic;
				CURRENT_PROJECT_VERSION = 1;
				DEVELOPMENT_TEAM = XPBFBX9K2Q;
				ENABLE_PREVIEWS = YES;
				GENERATE_INFOPLIST_FILE = YES;
				INFOPLIST_FILE = "Application-ios/Resources/Info.plist";
				INFOPLIST_KEY_UIApplicationSceneManifest_Generation = YES;
				INFOPLIST_KEY_UIApplicationSupportsIndirectInputEvents = YES;
				INFOPLIST_KEY_UISupportedInterfaceOrientations_iPad = "UIInterfaceOrientationPortrait UIInterfaceOrientationPortraitUpsideDown UIInterfaceOrientationLandscapeLeft UIInterfaceOrientationLandscapeRight";
				INFOPLIST_KEY_UISupportedInterfaceOrientations_iPhone = "UIInterfaceOrientationPortrait UIInterfaceOrientationLandscapeLeft UIInterfaceOrientationLandscapeRight";
				LD_RUNPATH_SEARCH_PATHS = (
					"$(inherited)",
					"@executable_path/Frameworks",
				);
				MARKETING_VERSION = 1.0;
				PRODUCT_BUNDLE_IDENTIFIER = "com.Application-ios";
				PRODUCT_NAME = "$(TARGET_NAME)";
				STRING_CATALOG_GENERATE_SYMBOLS = YES;
				SWIFT_APPROACHABLE_CONCURRENCY = YES;
				SWIFT_DEFAULT_ACTOR_ISOLATION = MainActor;
				SWIFT_EMIT_LOC_STRINGS = YES;
				SWIFT_UPCOMING_FEATURE_MEMBER_IMPORT_VISIBILITY = YES;
				SWIFT_VERSION = 5.0;
				TARGETED_DEVICE_FAMILY = "1,2";
			};
			name = Debug;
		};
		285B5C6D2ECFA3D4003FD863 /* Release */ = {
			isa = XCBuildConfiguration;
			buildSettings = {
				ASSETCATALOG_COMPILER_APPICON_NAME = AppIcon;
				ASSETCATALOG_COMPILER_GLOBAL_ACCENT_COLOR_NAME = AccentColor;
				CODE_SIGN_STYLE = Automatic;
				CURRENT_PROJECT_VERSION = 1;
				DEVELOPMENT_TEAM = XPBFBX9K2Q;
				ENABLE_PREVIEWS = YES;
				GENERATE_INFOPLIST_FILE = YES;
				INFOPLIST_FILE = "Application-ios/Resources/Info.plist";
				INFOPLIST_KEY_UIApplicationSceneManifest_Generation = YES;
				INFOPLIST_KEY_UIApplicationSupportsIndirectInputEvents = YES;
				INFOPLIST_KEY_UISupportedInterfaceOrientations_iPad = "UIInterfaceOrientationPortrait UIInterfaceOrientationPortraitUpsideDown UIInterfaceOrientationLandscapeLeft UIInterfaceOrientationLandscapeRight";
				INFOPLIST_KEY_UISupportedInterfaceOrientations_iPhone = "UIInterfaceOrientationPortrait UIInterfaceOrientationLandscapeLeft UIInterfaceOrientationLandscapeRight";
				LD_RUNPATH_SEARCH_PATHS = (
					"$(inherited)",
					"@executable_path/Frameworks",
				);
				MARKETING_VERSION = 1.0;
				PRODUCT_BUNDLE_IDENTIFIER = "com.Application-ios";
				PRODUCT_NAME = "$(TARGET_NAME)";
				STRING_CATALOG_GENERATE_SYMBOLS = YES;
				SWIFT_APPROACHABLE_CONCURRENCY = YES;
				SWIFT_DEFAULT_ACTOR_ISOLATION = MainActor;
				SWIFT_EMIT_LOC_STRINGS = YES;
				SWIFT_UPCOMING_FEATURE_MEMBER_IMPORT_VISIBILITY = YES;
				SWIFT_VERSION = 5.0;
				TARGETED_DEVICE_FAMILY = "1,2";
			};
			name = Release;
		};
/* End XCBuildConfiguration section */

/* Begin XCConfigurationList section */
		285B5C5B2ECFA3D2003FD863 /* Build configuration list for PBXProject "Application-ios" */ = {
			isa = XCConfigurationList;
			buildConfigurations = (
				285B5C692ECFA3D4003FD863 /* Debug */,
				285B5C6A2ECFA3D4003FD863 /* Release */,
			);
			defaultConfigurationIsVisible = 0;
			defaultConfigurationName = Release;
		};
		285B5C6B2ECFA3D4003FD863 /* Build configuration list for PBXNativeTarget "Application-ios" */ = {
			isa = XCConfigurationList;
			buildConfigurations = (
				285B5C6C2ECFA3D4003FD863 /* Debug */,
				285B5C6D2ECFA3D4003FD863 /* Release */,
			);
			defaultConfigurationIsVisible = 0;
			defaultConfigurationName = Release;
		};
/* End XCConfigurationList section */
	};
	rootObject = 285B5C582ECFA3D2003FD863 /* Project object */;
}
